// !$*UTF8*$!
{
	archiveVersion = 1;
	classes = {
	};
	objectVersion = 51;
	objects = {

/* Begin PBXBuildFile section */
		7421B5D42615984100F74AAB /* GoogleService-Info.plist in Resources */ = {isa = PBXBuildFile; fileRef = 7421B5D32615984100F74AAB /* GoogleService-Info.plist */; };
		7421B5DB2615A1F700F74AAB /* DatabaseManager.swift in Sources */ = {isa = PBXBuildFile; fileRef = 7421B5DA2615A1F700F74AAB /* DatabaseManager.swift */; };
		7421B5DF2615A74500F74AAB /* AuthManager.swift in Sources */ = {isa = PBXBuildFile; fileRef = 7421B5DE2615A74500F74AAB /* AuthManager.swift */; };
		7421B5E22615A7BA00F74AAB /* StorageManager.swift in Sources */ = {isa = PBXBuildFile; fileRef = 7421B5E12615A7BA00F74AAB /* StorageManager.swift */; };
		7421B5F92615AE6000F74AAB /* Extensions.swift in Sources */ = {isa = PBXBuildFile; fileRef = 7421B5F82615AE6000F74AAB /* Extensions.swift */; };
		7438314826143C7400BE9D46 /* AppDelegate.swift in Sources */ = {isa = PBXBuildFile; fileRef = 7438314726143C7400BE9D46 /* AppDelegate.swift */; };
		7438314A26143C7400BE9D46 /* SceneDelegate.swift in Sources */ = {isa = PBXBuildFile; fileRef = 7438314926143C7400BE9D46 /* SceneDelegate.swift */; };
		7438314C26143C7400BE9D46 /* HomeViewController.swift in Sources */ = {isa = PBXBuildFile; fileRef = 7438314B26143C7400BE9D46 /* HomeViewController.swift */; };
		7438314F26143C7400BE9D46 /* Main.storyboard in Resources */ = {isa = PBXBuildFile; fileRef = 7438314D26143C7400BE9D46 /* Main.storyboard */; };
		7438315126143C7700BE9D46 /* Assets.xcassets in Resources */ = {isa = PBXBuildFile; fileRef = 7438315026143C7700BE9D46 /* Assets.xcassets */; };
		7438315426143C7700BE9D46 /* LaunchScreen.storyboard in Resources */ = {isa = PBXBuildFile; fileRef = 7438315226143C7700BE9D46 /* LaunchScreen.storyboard */; };
		74F4F56126143F0F005F4753 /* ExploreViewController.swift in Sources */ = {isa = PBXBuildFile; fileRef = 74F4F56026143F0F005F4753 /* ExploreViewController.swift */; };
		74F4F56426143F1F005F4753 /* CameraViewController.swift in Sources */ = {isa = PBXBuildFile; fileRef = 74F4F56326143F1F005F4753 /* CameraViewController.swift */; };
		74F4F56726143F41005F4753 /* NotificationViewController.swift in Sources */ = {isa = PBXBuildFile; fileRef = 74F4F56626143F41005F4753 /* NotificationViewController.swift */; };
		74F4F56A26143F5D005F4753 /* ProfileViewController.swift in Sources */ = {isa = PBXBuildFile; fileRef = 74F4F56926143F5D005F4753 /* ProfileViewController.swift */; };
		74F4F57126144061005F4753 /* LoginViewController.swift in Sources */ = {isa = PBXBuildFile; fileRef = 74F4F57026144061005F4753 /* LoginViewController.swift */; };
		74F4F57426144076005F4753 /* RegistrationViewController.swift in Sources */ = {isa = PBXBuildFile; fileRef = 74F4F57326144076005F4753 /* RegistrationViewController.swift */; };
		74F4F57726144127005F4753 /* PostViewController.swift in Sources */ = {isa = PBXBuildFile; fileRef = 74F4F57626144127005F4753 /* PostViewController.swift */; };
		74F4F57A2614415A005F4753 /* EditProfileViewController.swift in Sources */ = {isa = PBXBuildFile; fileRef = 74F4F5792614415A005F4753 /* EditProfileViewController.swift */; };
		74F4F57D26144169005F4753 /* SettingViewController.swift in Sources */ = {isa = PBXBuildFile; fileRef = 74F4F57C26144169005F4753 /* SettingViewController.swift */; };
		74F4F58026144182005F4753 /* ListViewController.swift in Sources */ = {isa = PBXBuildFile; fileRef = 74F4F57F26144182005F4753 /* ListViewController.swift */; };
		74F4F583261441AC005F4753 /* SearchViewController.swift in Sources */ = {isa = PBXBuildFile; fileRef = 74F4F582261441AC005F4753 /* SearchViewController.swift */; };
		74F4F586261441C6005F4753 /* SearchResultViewController.swift in Sources */ = {isa = PBXBuildFile; fileRef = 74F4F585261441C6005F4753 /* SearchResultViewController.swift */; };
		74F4F5892614420F005F4753 /* PostEditorViewController.swift in Sources */ = {isa = PBXBuildFile; fileRef = 74F4F5882614420F005F4753 /* PostEditorViewController.swift */; };
		74F4F58C2614422A005F4753 /* PublishPostViewController.swift in Sources */ = {isa = PBXBuildFile; fileRef = 74F4F58B2614422A005F4753 /* PublishPostViewController.swift */; };
		9E013E5DD74CC69192EFECC7 /* Pods_InstagramApp.framework in Frameworks */ = {isa = PBXBuildFile; fileRef = 45D8EC2DBB8124E29163AF65 /* Pods_InstagramApp.framework */; };
/* End PBXBuildFile section */

/* Begin PBXFileReference section */
		45D8EC2DBB8124E29163AF65 /* Pods_InstagramApp.framework */ = {isa = PBXFileReference; explicitFileType = wrapper.framework; includeInIndex = 0; path = Pods_InstagramApp.framework; sourceTree = BUILT_PRODUCTS_DIR; };
		5DFD9B23944B80C687E34A4C /* Pods-InstagramApp.release.xcconfig */ = {isa = PBXFileReference; includeInIndex = 1; lastKnownFileType = text.xcconfig; name = "Pods-InstagramApp.release.xcconfig"; path = "Target Support Files/Pods-InstagramApp/Pods-InstagramApp.release.xcconfig"; sourceTree = "<group>"; };
		7421B5D32615984100F74AAB /* GoogleService-Info.plist */ = {isa = PBXFileReference; fileEncoding = 4; lastKnownFileType = text.plist.xml; path = "GoogleService-Info.plist"; sourceTree = "<group>"; };
		7421B5DA2615A1F700F74AAB /* DatabaseManager.swift */ = {isa = PBXFileReference; lastKnownFileType = sourcecode.swift; path = DatabaseManager.swift; sourceTree = "<group>"; };
		7421B5DE2615A74500F74AAB /* AuthManager.swift */ = {isa = PBXFileReference; lastKnownFileType = sourcecode.swift; path = AuthManager.swift; sourceTree = "<group>"; };
		7421B5E12615A7BA00F74AAB /* StorageManager.swift */ = {isa = PBXFileReference; lastKnownFileType = sourcecode.swift; path = StorageManager.swift; sourceTree = "<group>"; };
		7421B5F82615AE6000F74AAB /* Extensions.swift */ = {isa = PBXFileReference; lastKnownFileType = sourcecode.swift; path = Extensions.swift; sourceTree = "<group>"; };
		7438314426143C7400BE9D46 /* InstagramApp.app */ = {isa = PBXFileReference; explicitFileType = wrapper.application; includeInIndex = 0; path = InstagramApp.app; sourceTree = BUILT_PRODUCTS_DIR; };
		7438314726143C7400BE9D46 /* AppDelegate.swift */ = {isa = PBXFileReference; lastKnownFileType = sourcecode.swift; path = AppDelegate.swift; sourceTree = "<group>"; };
		7438314926143C7400BE9D46 /* SceneDelegate.swift */ = {isa = PBXFileReference; lastKnownFileType = sourcecode.swift; path = SceneDelegate.swift; sourceTree = "<group>"; };
		7438314B26143C7400BE9D46 /* HomeViewController.swift */ = {isa = PBXFileReference; lastKnownFileType = sourcecode.swift; path = HomeViewController.swift; sourceTree = "<group>"; };
		7438314E26143C7400BE9D46 /* Base */ = {isa = PBXFileReference; lastKnownFileType = file.storyboard; name = Base; path = Base.lproj/Main.storyboard; sourceTree = "<group>"; };
		7438315026143C7700BE9D46 /* Assets.xcassets */ = {isa = PBXFileReference; lastKnownFileType = folder.assetcatalog; path = Assets.xcassets; sourceTree = "<group>"; };
		7438315326143C7700BE9D46 /* Base */ = {isa = PBXFileReference; lastKnownFileType = file.storyboard; name = Base; path = Base.lproj/LaunchScreen.storyboard; sourceTree = "<group>"; };
		7438315526143C7700BE9D46 /* Info.plist */ = {isa = PBXFileReference; lastKnownFileType = text.plist.xml; path = Info.plist; sourceTree = "<group>"; };
		74F4F56026143F0F005F4753 /* ExploreViewController.swift */ = {isa = PBXFileReference; lastKnownFileType = sourcecode.swift; path = ExploreViewController.swift; sourceTree = "<group>"; };
		74F4F56326143F1F005F4753 /* CameraViewController.swift */ = {isa = PBXFileReference; lastKnownFileType = sourcecode.swift; path = CameraViewController.swift; sourceTree = "<group>"; };
		74F4F56626143F41005F4753 /* NotificationViewController.swift */ = {isa = PBXFileReference; lastKnownFileType = sourcecode.swift; path = NotificationViewController.swift; sourceTree = "<group>"; };
		74F4F56926143F5D005F4753 /* ProfileViewController.swift */ = {isa = PBXFileReference; lastKnownFileType = sourcecode.swift; path = ProfileViewController.swift; sourceTree = "<group>"; };
		74F4F57026144061005F4753 /* LoginViewController.swift */ = {isa = PBXFileReference; lastKnownFileType = sourcecode.swift; path = LoginViewController.swift; sourceTree = "<group>"; };
		74F4F57326144076005F4753 /* RegistrationViewController.swift */ = {isa = PBXFileReference; lastKnownFileType = sourcecode.swift; path = RegistrationViewController.swift; sourceTree = "<group>"; };
		74F4F57626144127005F4753 /* PostViewController.swift */ = {isa = PBXFileReference; lastKnownFileType = sourcecode.swift; path = PostViewController.swift; sourceTree = "<group>"; };
		74F4F5792614415A005F4753 /* EditProfileViewController.swift */ = {isa = PBXFileReference; lastKnownFileType = sourcecode.swift; path = EditProfileViewController.swift; sourceTree = "<group>"; };
		74F4F57C26144169005F4753 /* SettingViewController.swift */ = {isa = PBXFileReference; lastKnownFileType = sourcecode.swift; path = SettingViewController.swift; sourceTree = "<group>"; };
		74F4F57F26144182005F4753 /* ListViewController.swift */ = {isa = PBXFileReference; lastKnownFileType = sourcecode.swift; path = ListViewController.swift; sourceTree = "<group>"; };
		74F4F582261441AC005F4753 /* SearchViewController.swift */ = {isa = PBXFileReference; lastKnownFileType = sourcecode.swift; path = SearchViewController.swift; sourceTree = "<group>"; };
		74F4F585261441C6005F4753 /* SearchResultViewController.swift */ = {isa = PBXFileReference; lastKnownFileType = sourcecode.swift; path = SearchResultViewController.swift; sourceTree = "<group>"; };
		74F4F5882614420F005F4753 /* PostEditorViewController.swift */ = {isa = PBXFileReference; lastKnownFileType = sourcecode.swift; path = PostEditorViewController.swift; sourceTree = "<group>"; };
		74F4F58B2614422A005F4753 /* PublishPostViewController.swift */ = {isa = PBXFileReference; lastKnownFileType = sourcecode.swift; path = PublishPostViewController.swift; sourceTree = "<group>"; };
		F18877C418A14B0B6AAEB8FC /* Pods-InstagramApp.debug.xcconfig */ = {isa = PBXFileReference; includeInIndex = 1; lastKnownFileType = text.xcconfig; name = "Pods-InstagramApp.debug.xcconfig"; path = "Target Support Files/Pods-InstagramApp/Pods-InstagramApp.debug.xcconfig"; sourceTree = "<group>"; };
/* End PBXFileReference section */

/* Begin PBXFrameworksBuildPhase section */
		7438314126143C7400BE9D46 /* Frameworks */ = {
			isa = PBXFrameworksBuildPhase;
			buildActionMask = 2147483647;
			files = (
				9E013E5DD74CC69192EFECC7 /* Pods_InstagramApp.framework in Frameworks */,
			);
			runOnlyForDeploymentPostprocessing = 0;
		};
/* End PBXFrameworksBuildPhase section */

/* Begin PBXGroup section */
		015FC3255C8C81F6A27CF14A /* Frameworks */ = {
			isa = PBXGroup;
			children = (
				45D8EC2DBB8124E29163AF65 /* Pods_InstagramApp.framework */,
			);
			name = Frameworks;
			sourceTree = "<group>";
		};
		245B245C910DB05AC5E7B2D5 /* Pods */ = {
			isa = PBXGroup;
			children = (
				F18877C418A14B0B6AAEB8FC /* Pods-InstagramApp.debug.xcconfig */,
				5DFD9B23944B80C687E34A4C /* Pods-InstagramApp.release.xcconfig */,
			);
			path = Pods;
			sourceTree = "<group>";
		};
		7421B5D72615A06500F74AAB /* General */ = {
			isa = PBXGroup;
			children = (
				74F4F57626144127005F4753 /* PostViewController.swift */,
				74F4F5792614415A005F4753 /* EditProfileViewController.swift */,
				74F4F57C26144169005F4753 /* SettingViewController.swift */,
				74F4F57F26144182005F4753 /* ListViewController.swift */,
				74F4F582261441AC005F4753 /* SearchViewController.swift */,
				74F4F585261441C6005F4753 /* SearchResultViewController.swift */,
				74F4F5882614420F005F4753 /* PostEditorViewController.swift */,
				74F4F58B2614422A005F4753 /* PublishPostViewController.swift */,
			);
			path = General;
			sourceTree = "<group>";
		};
		7438313B26143C7400BE9D46 = {
			isa = PBXGroup;
			children = (
				7438314626143C7400BE9D46 /* InstagramApp */,
				7438314526143C7400BE9D46 /* Products */,
				245B245C910DB05AC5E7B2D5 /* Pods */,
				015FC3255C8C81F6A27CF14A /* Frameworks */,
			);
			sourceTree = "<group>";
		};
		7438314526143C7400BE9D46 /* Products */ = {
			isa = PBXGroup;
			children = (
				7438314426143C7400BE9D46 /* InstagramApp.app */,
			);
			name = Products;
			sourceTree = "<group>";
		};
		7438314626143C7400BE9D46 /* InstagramApp */ = {
			isa = PBXGroup;
			children = (
				74F4F55926143DAD005F4753 /* Resources */,
				74F4F55A26143DBA005F4753 /* Models */,
				74F4F55B26143DC4005F4753 /* Views */,
				74F4F55C26143DCC005F4753 /* Controllers */,
				7438315526143C7700BE9D46 /* Info.plist */,
			);
			path = InstagramApp;
			sourceTree = "<group>";
		};
		74F4F55926143DAD005F4753 /* Resources */ = {
			isa = PBXGroup;
			children = (
				7421B5D32615984100F74AAB /* GoogleService-Info.plist */,
				7438314726143C7400BE9D46 /* AppDelegate.swift */,
				7438314926143C7400BE9D46 /* SceneDelegate.swift */,
				7421B5DA2615A1F700F74AAB /* DatabaseManager.swift */,
				7421B5DE2615A74500F74AAB /* AuthManager.swift */,
				7421B5E12615A7BA00F74AAB /* StorageManager.swift */,
				7421B5F82615AE6000F74AAB /* Extensions.swift */,
			);
			path = Resources;
			sourceTree = "<group>";
		};
		74F4F55A26143DBA005F4753 /* Models */ = {
			isa = PBXGroup;
			children = (
			);
			path = Models;
			sourceTree = "<group>";
		};
		74F4F55B26143DC4005F4753 /* Views */ = {
			isa = PBXGroup;
			children = (
				7438315026143C7700BE9D46 /* Assets.xcassets */,
				74F4F55D26143E11005F4753 /* Storyboards */,
			);
			path = Views;
			sourceTree = "<group>";
		};
		74F4F55C26143DCC005F4753 /* Controllers */ = {
			isa = PBXGroup;
			children = (
				74F4F56E26144032005F4753 /* Other */,
				74F4F56C26143FD1005F4753 /* Core Tabs */,
			);
			path = Controllers;
			sourceTree = "<group>";
		};
		74F4F55D26143E11005F4753 /* Storyboards */ = {
			isa = PBXGroup;
			children = (
				7438314D26143C7400BE9D46 /* Main.storyboard */,
				7438315226143C7700BE9D46 /* LaunchScreen.storyboard */,
			);
			path = Storyboards;
			sourceTree = "<group>";
		};
		74F4F56C26143FD1005F4753 /* Core Tabs */ = {
			isa = PBXGroup;
			children = (
				7438314B26143C7400BE9D46 /* HomeViewController.swift */,
				74F4F56026143F0F005F4753 /* ExploreViewController.swift */,
				74F4F56326143F1F005F4753 /* CameraViewController.swift */,
				74F4F56626143F41005F4753 /* NotificationViewController.swift */,
				74F4F56926143F5D005F4753 /* ProfileViewController.swift */,
			);
			path = "Core Tabs";
			sourceTree = "<group>";
		};
		74F4F56E26144032005F4753 /* Other */ = {
			isa = PBXGroup;
			children = (
				74F4F56F2614403D005F4753 /* Onboarding */,
				7421B5D72615A06500F74AAB /* General */,
			);
			path = Other;
			sourceTree = "<group>";
		};
		74F4F56F2614403D005F4753 /* Onboarding */ = {
			isa = PBXGroup;
			children = (
				74F4F57026144061005F4753 /* LoginViewController.swift */,
				74F4F57326144076005F4753 /* RegistrationViewController.swift */,
			);
			path = Onboarding;
			sourceTree = "<group>";
		};
/* End PBXGroup section */

/* Begin PBXNativeTarget section */
		7438314326143C7400BE9D46 /* InstagramApp */ = {
			isa = PBXNativeTarget;
			buildConfigurationList = 7438315826143C7700BE9D46 /* Build configuration list for PBXNativeTarget "InstagramApp" */;
			buildPhases = (
				90F1565439788124B3307BEA /* [CP] Check Pods Manifest.lock */,
				7438314026143C7400BE9D46 /* Sources */,
				7438314126143C7400BE9D46 /* Frameworks */,
				7438314226143C7400BE9D46 /* Resources */,
				C5045D4F7F7546814FA5E32D /* [CP] Embed Pods Frameworks */,
			);
			buildRules = (
			);
			dependencies = (
			);
			name = InstagramApp;
			productName = InstagramApp;
			productReference = 7438314426143C7400BE9D46 /* InstagramApp.app */;
			productType = "com.apple.product-type.application";
		};
/* End PBXNativeTarget section */

/* Begin PBXProject section */
		7438313C26143C7400BE9D46 /* Project object */ = {
			isa = PBXProject;
			attributes = {
				LastSwiftUpdateCheck = 1240;
				LastUpgradeCheck = 1240;
				TargetAttributes = {
					7438314326143C7400BE9D46 = {
						CreatedOnToolsVersion = 12.4;
					};
				};
			};
			buildConfigurationList = 7438313F26143C7400BE9D46 /* Build configuration list for PBXProject "InstagramApp" */;
			compatibilityVersion = "Xcode 9.3";
			developmentRegion = en;
			hasScannedForEncodings = 0;
			knownRegions = (
				en,
				Base,
			);
			mainGroup = 7438313B26143C7400BE9D46;
			productRefGroup = 7438314526143C7400BE9D46 /* Products */;
			projectDirPath = "";
			projectRoot = "";
			targets = (
				7438314326143C7400BE9D46 /* InstagramApp */,
			);
		};
/* End PBXProject section */

/* Begin PBXResourcesBuildPhase section */
		7438314226143C7400BE9D46 /* Resources */ = {
			isa = PBXResourcesBuildPhase;
			buildActionMask = 2147483647;
			files = (
				7438315426143C7700BE9D46 /* LaunchScreen.storyboard in Resources */,
				7421B5D42615984100F74AAB /* GoogleService-Info.plist in Resources */,
				7438315126143C7700BE9D46 /* Assets.xcassets in Resources */,
				7438314F26143C7400BE9D46 /* Main.storyboard in Resources */,
			);
			runOnlyForDeploymentPostprocessing = 0;
		};
/* End PBXResourcesBuildPhase section */

/* Begin PBXShellScriptBuildPhase section */
		90F1565439788124B3307BEA /* [CP] Check Pods Manifest.lock */ = {
			isa = PBXShellScriptBuildPhase;
			buildActionMask = 2147483647;
			files = (
			);
			inputFileListPaths = (
			);
			inputPaths = (
				"${PODS_PODFILE_DIR_PATH}/Podfile.lock",
				"${PODS_ROOT}/Manifest.lock",
			);
			name = "[CP] Check Pods Manifest.lock";
			outputFileListPaths = (
			);
			outputPaths = (
				"$(DERIVED_FILE_DIR)/Pods-InstagramApp-checkManifestLockResult.txt",
			);
			runOnlyForDeploymentPostprocessing = 0;
			shellPath = /bin/sh;
			shellScript = "diff \"${PODS_PODFILE_DIR_PATH}/Podfile.lock\" \"${PODS_ROOT}/Manifest.lock\" > /dev/null\nif [ $? != 0 ] ; then\n    # print error to STDERR\n    echo \"error: The sandbox is not in sync with the Podfile.lock. Run 'pod install' or update your CocoaPods installation.\" >&2\n    exit 1\nfi\n# This output is used by Xcode 'outputs' to avoid re-running this script phase.\necho \"SUCCESS\" > \"${SCRIPT_OUTPUT_FILE_0}\"\n";
			showEnvVarsInLog = 0;
		};
		C5045D4F7F7546814FA5E32D /* [CP] Embed Pods Frameworks */ = {
			isa = PBXShellScriptBuildPhase;
			buildActionMask = 2147483647;
			files = (
			);
			inputFileListPaths = (
				"${PODS_ROOT}/Target Support Files/Pods-InstagramApp/Pods-InstagramApp-frameworks-${CONFIGURATION}-input-files.xcfilelist",
			);
			name = "[CP] Embed Pods Frameworks";
			outputFileListPaths = (
				"${PODS_ROOT}/Target Support Files/Pods-InstagramApp/Pods-InstagramApp-frameworks-${CONFIGURATION}-output-files.xcfilelist",
			);
			runOnlyForDeploymentPostprocessing = 0;
			shellPath = /bin/sh;
			shellScript = "\"${PODS_ROOT}/Target Support Files/Pods-InstagramApp/Pods-InstagramApp-frameworks.sh\"\n";
			showEnvVarsInLog = 0;
		};
/* End PBXShellScriptBuildPhase section */

/* Begin PBXSourcesBuildPhase section */
		7438314026143C7400BE9D46 /* Sources */ = {
			isa = PBXSourcesBuildPhase;
			buildActionMask = 2147483647;
			files = (
				74F4F57A2614415A005F4753 /* EditProfileViewController.swift in Sources */,
				74F4F56126143F0F005F4753 /* ExploreViewController.swift in Sources */,
				74F4F58C2614422A005F4753 /* PublishPostViewController.swift in Sources */,
				74F4F56426143F1F005F4753 /* CameraViewController.swift in Sources */,
				74F4F56726143F41005F4753 /* NotificationViewController.swift in Sources */,
				74F4F57426144076005F4753 /* RegistrationViewController.swift in Sources */,
				74F4F5892614420F005F4753 /* PostEditorViewController.swift in Sources */,
				7421B5E22615A7BA00F74AAB /* StorageManager.swift in Sources */,
				74F4F57726144127005F4753 /* PostViewController.swift in Sources */,
				7421B5DB2615A1F700F74AAB /* DatabaseManager.swift in Sources */,
				7438314C26143C7400BE9D46 /* HomeViewController.swift in Sources */,
				74F4F586261441C6005F4753 /* SearchResultViewController.swift in Sources */,
				74F4F57126144061005F4753 /* LoginViewController.swift in Sources */,
				7421B5F92615AE6000F74AAB /* Extensions.swift in Sources */,
				74F4F583261441AC005F4753 /* SearchViewController.swift in Sources */,
				74F4F56A26143F5D005F4753 /* ProfileViewController.swift in Sources */,
				7421B5DF2615A74500F74AAB /* AuthManager.swift in Sources */,
				7438314826143C7400BE9D46 /* AppDelegate.swift in Sources */,
				7438314A26143C7400BE9D46 /* SceneDelegate.swift in Sources */,
				74F4F58026144182005F4753 /* ListViewController.swift in Sources */,
				74F4F57D26144169005F4753 /* SettingViewController.swift in Sources */,
			);
			runOnlyForDeploymentPostprocessing = 0;
		};
/* End PBXSourcesBuildPhase section */

/* Begin PBXVariantGroup section */
		7438314D26143C7400BE9D46 /* Main.storyboard */ = {
			isa = PBXVariantGroup;
			children = (
				7438314E26143C7400BE9D46 /* Base */,
			);
			name = Main.storyboard;
			sourceTree = "<group>";
		};
		7438315226143C7700BE9D46 /* LaunchScreen.storyboard */ = {
			isa = PBXVariantGroup;
			children = (
				7438315326143C7700BE9D46 /* Base */,
			);
			name = LaunchScreen.storyboard;
			sourceTree = "<group>";
		};
/* End PBXVariantGroup section */

/* Begin XCBuildConfiguration section */
		7438315626143C7700BE9D46 /* Debug */ = {
			isa = XCBuildConfiguration;
			buildSettings = {
				ALWAYS_SEARCH_USER_PATHS = NO;
				CLANG_ANALYZER_NONNULL = YES;
				CLANG_ANALYZER_NUMBER_OBJECT_CONVERSION = YES_AGGRESSIVE;
				CLANG_CXX_LANGUAGE_STANDARD = "gnu++14";
				CLANG_CXX_LIBRARY = "libc++";
				CLANG_ENABLE_MODULES = YES;
				CLANG_ENABLE_OBJC_ARC = YES;
				CLANG_ENABLE_OBJC_WEAK = YES;
				CLANG_WARN_BLOCK_CAPTURE_AUTORELEASING = YES;
				CLANG_WARN_BOOL_CONVERSION = YES;
				CLANG_WARN_COMMA = YES;
				CLANG_WARN_CONSTANT_CONVERSION = YES;
				CLANG_WARN_DEPRECATED_OBJC_IMPLEMENTATIONS = YES;
				CLANG_WARN_DIRECT_OBJC_ISA_USAGE = YES_ERROR;
				CLANG_WARN_DOCUMENTATION_COMMENTS = YES;
				CLANG_WARN_EMPTY_BODY = YES;
				CLANG_WARN_ENUM_CONVERSION = YES;
				CLANG_WARN_INFINITE_RECURSION = YES;
				CLANG_WARN_INT_CONVERSION = YES;
				CLANG_WARN_NON_LITERAL_NULL_CONVERSION = YES;
				CLANG_WARN_OBJC_IMPLICIT_RETAIN_SELF = YES;
				CLANG_WARN_OBJC_LITERAL_CONVERSION = YES;
				CLANG_WARN_OBJC_ROOT_CLASS = YES_ERROR;
				CLANG_WARN_QUOTED_INCLUDE_IN_FRAMEWORK_HEADER = YES;
				CLANG_WARN_RANGE_LOOP_ANALYSIS = YES;
				CLANG_WARN_STRICT_PROTOTYPES = YES;
				CLANG_WARN_SUSPICIOUS_MOVE = YES;
				CLANG_WARN_UNGUARDED_AVAILABILITY = YES_AGGRESSIVE;
				CLANG_WARN_UNREACHABLE_CODE = YES;
				CLANG_WARN__DUPLICATE_METHOD_MATCH = YES;
				COPY_PHASE_STRIP = NO;
				DEBUG_INFORMATION_FORMAT = dwarf;
				ENABLE_STRICT_OBJC_MSGSEND = YES;
				ENABLE_TESTABILITY = YES;
				GCC_C_LANGUAGE_STANDARD = gnu11;
				GCC_DYNAMIC_NO_PIC = NO;
				GCC_NO_COMMON_BLOCKS = YES;
				GCC_OPTIMIZATION_LEVEL = 0;
				GCC_PREPROCESSOR_DEFINITIONS = (
					"DEBUG=1",
					"$(inherited)",
				);
				GCC_WARN_64_TO_32_BIT_CONVERSION = YES;
				GCC_WARN_ABOUT_RETURN_TYPE = YES_ERROR;
				GCC_WARN_UNDECLARED_SELECTOR = YES;
				GCC_WARN_UNINITIALIZED_AUTOS = YES_AGGRESSIVE;
				GCC_WARN_UNUSED_FUNCTION = YES;
				GCC_WARN_UNUSED_VARIABLE = YES;
				IPHONEOS_DEPLOYMENT_TARGET = 14.4;
				MTL_ENABLE_DEBUG_INFO = INCLUDE_SOURCE;
				MTL_FAST_MATH = YES;
				ONLY_ACTIVE_ARCH = YES;
				SDKROOT = iphoneos;
				SWIFT_ACTIVE_COMPILATION_CONDITIONS = DEBUG;
				SWIFT_OPTIMIZATION_LEVEL = "-Onone";
			};
			name = Debug;
		};
		7438315726143C7700BE9D46 /* Release */ = {
			isa = XCBuildConfiguration;
			buildSettings = {
				ALWAYS_SEARCH_USER_PATHS = NO;
				CLANG_ANALYZER_NONNULL = YES;
				CLANG_ANALYZER_NUMBER_OBJECT_CONVERSION = YES_AGGRESSIVE;
				CLANG_CXX_LANGUAGE_STANDARD = "gnu++14";
				CLANG_CXX_LIBRARY = "libc++";
				CLANG_ENABLE_MODULES = YES;
				CLANG_ENABLE_OBJC_ARC = YES;
				CLANG_ENABLE_OBJC_WEAK = YES;
				CLANG_WARN_BLOCK_CAPTURE_AUTORELEASING = YES;
				CLANG_WARN_BOOL_CONVERSION = YES;
				CLANG_WARN_COMMA = YES;
				CLANG_WARN_CONSTANT_CONVERSION = YES;
				CLANG_WARN_DEPRECATED_OBJC_IMPLEMENTATIONS = YES;
				CLANG_WARN_DIRECT_OBJC_ISA_USAGE = YES_ERROR;
				CLANG_WARN_DOCUMENTATION_COMMENTS = YES;
				CLANG_WARN_EMPTY_BODY = YES;
				CLANG_WARN_ENUM_CONVERSION = YES;
				CLANG_WARN_INFINITE_RECURSION = YES;
				CLANG_WARN_INT_CONVERSION = YES;
				CLANG_WARN_NON_LITERAL_NULL_CONVERSION = YES;
				CLANG_WARN_OBJC_IMPLICIT_RETAIN_SELF = YES;
				CLANG_WARN_OBJC_LITERAL_CONVERSION = YES;
				CLANG_WARN_OBJC_ROOT_CLASS = YES_ERROR;
				CLANG_WARN_QUOTED_INCLUDE_IN_FRAMEWORK_HEADER = YES;
				CLANG_WARN_RANGE_LOOP_ANALYSIS = YES;
				CLANG_WARN_STRICT_PROTOTYPES = YES;
				CLANG_WARN_SUSPICIOUS_MOVE = YES;
				CLANG_WARN_UNGUARDED_AVAILABILITY = YES_AGGRESSIVE;
				CLANG_WARN_UNREACHABLE_CODE = YES;
				CLANG_WARN__DUPLICATE_METHOD_MATCH = YES;
				COPY_PHASE_STRIP = NO;
				DEBUG_INFORMATION_FORMAT = "dwarf-with-dsym";
				ENABLE_NS_ASSERTIONS = NO;
				ENABLE_STRICT_OBJC_MSGSEND = YES;
				GCC_C_LANGUAGE_STANDARD = gnu11;
				GCC_NO_COMMON_BLOCKS = YES;
				GCC_WARN_64_TO_32_BIT_CONVERSION = YES;
				GCC_WARN_ABOUT_RETURN_TYPE = YES_ERROR;
				GCC_WARN_UNDECLARED_SELECTOR = YES;
				GCC_WARN_UNINITIALIZED_AUTOS = YES_AGGRESSIVE;
				GCC_WARN_UNUSED_FUNCTION = YES;
				GCC_WARN_UNUSED_VARIABLE = YES;
				IPHONEOS_DEPLOYMENT_TARGET = 14.4;
				MTL_ENABLE_DEBUG_INFO = NO;
				MTL_FAST_MATH = YES;
				SDKROOT = iphoneos;
				SWIFT_COMPILATION_MODE = wholemodule;
				SWIFT_OPTIMIZATION_LEVEL = "-O";
				VALIDATE_PRODUCT = YES;
			};
			name = Release;
		};
		7438315926143C7700BE9D46 /* Debug */ = {
			isa = XCBuildConfiguration;
			baseConfigurationReference = F18877C418A14B0B6AAEB8FC /* Pods-InstagramApp.debug.xcconfig */;
			buildSettings = {
				ASSETCATALOG_COMPILER_APPICON_NAME = AppIcon;
				ASSETCATALOG_COMPILER_GLOBAL_ACCENT_COLOR_NAME = AccentColor;
				CODE_SIGN_STYLE = Automatic;
				DEVELOPMENT_TEAM = 538JZ3WHJ9;
				INFOPLIST_FILE = InstagramApp/Info.plist;
				IPHONEOS_DEPLOYMENT_TARGET = 13.0;
				LD_RUNPATH_SEARCH_PATHS = (
					"$(inherited)",
					"@executable_path/Frameworks",
				);
				PRODUCT_BUNDLE_IDENTIFIER = com.chen.InstagramApp;
				PRODUCT_NAME = "$(TARGET_NAME)";
				SWIFT_VERSION = 5.0;
				TARGETED_DEVICE_FAMILY = "1,2";
			};
			name = Debug;
		};
		7438315A26143C7700BE9D46 /* Release */ = {
			isa = XCBuildConfiguration;
			baseConfigurationReference = 5DFD9B23944B80C687E34A4C /* Pods-InstagramApp.release.xcconfig */;
			buildSettings = {
				ASSETCATALOG_COMPILER_APPICON_NAME = AppIcon;
				ASSETCATALOG_COMPILER_GLOBAL_ACCENT_COLOR_NAME = AccentColor;
				CODE_SIGN_STYLE = Automatic;
				DEVELOPMENT_TEAM = 538JZ3WHJ9;
				INFOPLIST_FILE = InstagramApp/Info.plist;
				IPHONEOS_DEPLOYMENT_TARGET = 13.0;
				LD_RUNPATH_SEARCH_PATHS = (
					"$(inherited)",
					"@executable_path/Frameworks",
				);
				PRODUCT_BUNDLE_IDENTIFIER = com.chen.InstagramApp;
				PRODUCT_NAME = "$(TARGET_NAME)";
				SWIFT_VERSION = 5.0;
				TARGETED_DEVICE_FAMILY = "1,2";
			};
			name = Release;
		};
/* End XCBuildConfiguration section */

/* Begin XCConfigurationList section */
		7438313F26143C7400BE9D46 /* Build configuration list for PBXProject "InstagramApp" */ = {
			isa = XCConfigurationList;
			buildConfigurations = (
				7438315626143C7700BE9D46 /* Debug */,
				7438315726143C7700BE9D46 /* Release */,
			);
			defaultConfigurationIsVisible = 0;
			defaultConfigurationName = Release;
		};
		7438315826143C7700BE9D46 /* Build configuration list for PBXNativeTarget "InstagramApp" */ = {
			isa = XCConfigurationList;
			buildConfigurations = (
				7438315926143C7700BE9D46 /* Debug */,
				7438315A26143C7700BE9D46 /* Release */,
			);
			defaultConfigurationIsVisible = 0;
			defaultConfigurationName = Release;
		};
/* End XCConfigurationList section */
	};
	rootObject = 7438313C26143C7400BE9D46 /* Project object */;
}
